
Microsoft Visual Studio Solution File, Format Version 12.00
# Visual Studio Version 17
VisualStudioVersion = 17.12.35506.116
MinimumVisualStudioVersion = 10.0.40219.1
Project("{FAE04EC0-301F-11D3-BF4B-00C04F79EFBC}") = "Presentation", "Presentation\Presentation.csproj", "{5E583DC3-4888-4205-BF11-48F609E25936}"
EndProject
Project("{FAE04EC0-301F-11D3-BF4B-00C04F79EFBC}") = "Infrastructure", "Infrastructure\Infrastructure.csproj", "{6E212250-BC2A-41F0-9D0A-4239D3A89670}"
EndProject
Project("{FAE04EC0-301F-11D3-BF4B-00C04F79EFBC}") = "Domain", "Domain\Domain.csproj", "{83D16BCA-C218-4C0A-9F34-B743D2B62C5A}"
EndProject
Project("{FAE04EC0-301F-11D3-BF4B-00C04F79EFBC}") = "Application", "Application\Application.csproj", "{AE9DFB2A-4925-4D60-B926-8C800FA5B1C4}"
EndProject
Project("{FAE04EC0-301F-11D3-BF4B-00C04F79EFBC}") = "PruebasUnitarias", "PruebasUnitarias\PruebasUnitarias.csproj", "{709ABED2-0525-452B-8E79-C469B7A04709}"
EndProject
Global
	GlobalSection(SolutionConfigurationPlatforms) = preSolution
		Debug|Any CPU = Debug|Any CPU
		Release|Any CPU = Release|Any CPU
	EndGlobalSection
	GlobalSection(ProjectConfigurationPlatforms) = postSolution
		{5E583DC3-4888-4205-BF11-48F609E25936}.Debug|Any CPU.ActiveCfg = Debug|Any CPU
		{5E583DC3-4888-4205-BF11-48F609E25936}.Debug|Any CPU.Build.0 = Debug|Any CPU
		{5E583DC3-4888-4205-BF11-48F609E25936}.Release|Any CPU.ActiveCfg = Release|Any CPU
		{5E583DC3-4888-4205-BF11-48F609E25936}.Release|Any CPU.Build.0 = Release|Any CPU
		{6E212250-BC2A-41F0-9D0A-4239D3A89670}.Debug|Any CPU.ActiveCfg = Debug|Any CPU
		{6E212250-BC2A-41F0-9D0A-4239D3A89670}.Debug|Any CPU.Build.0 = Debug|Any CPU
		{6E212250-BC2A-41F0-9D0A-4239D3A89670}.Release|Any CPU.ActiveCfg = Release|Any CPU
		{6E212250-BC2A-41F0-9D0A-4239D3A89670}.Release|Any CPU.Build.0 = Release|Any CPU
		{83D16BCA-C218-4C0A-9F34-B743D2B62C5A}.Debug|Any CPU.ActiveCfg = Debug|Any CPU
		{83D16BCA-C218-4C0A-9F34-B743D2B62C5A}.Debug|Any CPU.Build.0 = Debug|Any CPU
		{83D16BCA-C218-4C0A-9F34-B743D2B62C5A}.Release|Any CPU.ActiveCfg = Release|Any CPU
		{83D16BCA-C218-4C0A-9F34-B743D2B62C5A}.Release|Any CPU.Build.0 = Release|Any CPU
		{AE9DFB2A-4925-4D60-B926-8C800FA5B1C4}.Debug|Any CPU.ActiveCfg = Debug|Any CPU
		{AE9DFB2A-4925-4D60-B926-8C800FA5B1C4}.Debug|Any CPU.Build.0 = Debug|Any CPU
		{AE9DFB2A-4925-4D60-B926-8C800FA5B1C4}.Release|Any CPU.ActiveCfg = Release|Any CPU
		{AE9DFB2A-4925-4D60-B926-8C800FA5B1C4}.Release|Any CPU.Build.0 = Release|Any CPU
		{709ABED2-0525-452B-8E79-C469B7A04709}.Debug|Any CPU.ActiveCfg = Debug|Any CPU
		{709ABED2-0525-452B-8E79-C469B7A04709}.Debug|Any CPU.Build.0 = Debug|Any CPU
		{709ABED2-0525-452B-8E79-C469B7A04709}.Release|Any CPU.ActiveCfg = Release|Any CPU
		{709ABED2-0525-452B-8E79-C469B7A04709}.Release|Any CPU.Build.0 = Release|Any CPU
	EndGlobalSection
	GlobalSection(SolutionProperties) = preSolution
		HideSolutionNode = FALSE
	EndGlobalSection
EndGlobal
